
Microsoft Visual Studio Solution File, Format Version 12.00
Project("{FAE04EC0-301F-11D3-BF4B-00C04F79EFBC}") = "ConsoleApp", "ConsoleApp\ConsoleApp.csproj", "{5D2CB793-4B1B-42F1-9376-9BE179BAF572}"
EndProject
Project("{FAE04EC0-301F-11D3-BF4B-00C04F79EFBC}") = "FinConnector", "FinConnector\FinConnector.csproj", "{8096CB37-B8C0-4DFA-812F-1DF3FC09404A}"
EndProject
Global
	GlobalSection(SolutionConfigurationPlatforms) = preSolution
		Debug|Any CPU = Debug|Any CPU
		Release|Any CPU = Release|Any CPU
	EndGlobalSection
	GlobalSection(ProjectConfigurationPlatforms) = postSolution
		{5D2CB793-4B1B-42F1-9376-9BE179BAF572}.Debug|Any CPU.ActiveCfg = Debug|Any CPU
		{5D2CB793-4B1B-42F1-9376-9BE179BAF572}.Debug|Any CPU.Build.0 = Debug|Any CPU
		{5D2CB793-4B1B-42F1-9376-9BE179BAF572}.Release|Any CPU.ActiveCfg = Release|Any CPU
		{5D2CB793-4B1B-42F1-9376-9BE179BAF572}.Release|Any CPU.Build.0 = Release|Any CPU
		{8096CB37-B8C0-4DFA-812F-1DF3FC09404A}.Debug|Any CPU.ActiveCfg = Debug|Any CPU
		{8096CB37-B8C0-4DFA-812F-1DF3FC09404A}.Debug|Any CPU.Build.0 = Debug|Any CPU
		{8096CB37-B8C0-4DFA-812F-1DF3FC09404A}.Release|Any CPU.ActiveCfg = Release|Any CPU
		{8096CB37-B8C0-4DFA-812F-1DF3FC09404A}.Release|Any CPU.Build.0 = Release|Any CPU
	EndGlobalSection
EndGlobal
